// !$*UTF8*$!
{
	archiveVersion = 1;
	classes = {
	};
	objectVersion = 50;
	objects = {

/* Begin PBXBuildFile section */
		293062A62694D64E0086C5F7 /* ExpensesView.swift in Sources */ = {isa = PBXBuildFile; fileRef = 293062A52694D64E0086C5F7 /* ExpensesView.swift */; };
		293062A92694D7230086C5F7 /* MemoryDataStore.swift in Sources */ = {isa = PBXBuildFile; fileRef = 293062A82694D7230086C5F7 /* MemoryDataStore.swift */; };
		293062B12694DCBF0086C5F7 /* data.swift in Sources */ = {isa = PBXBuildFile; fileRef = 293062B02694DCBF0086C5F7 /* data.swift */; };
		293062B42694DCFA0086C5F7 /* preview_data.swift in Sources */ = {isa = PBXBuildFile; fileRef = 293062B32694DCFA0086C5F7 /* preview_data.swift */; };
		29474E432694FFA000AE0A5A /* EditExpenseView.swift in Sources */ = {isa = PBXBuildFile; fileRef = 29474E422694FFA000AE0A5A /* EditExpenseView.swift */; };
		2968359D2695A74100DA0337 /* EditExpenseViewModel.swift in Sources */ = {isa = PBXBuildFile; fileRef = 2968359C2695A74100DA0337 /* EditExpenseViewModel.swift */; };
		296835A22695A7E100DA0337 /* Expense.swift in Sources */ = {isa = PBXBuildFile; fileRef = 296835A12695A7E100DA0337 /* Expense.swift */; };
		296835A72695A95D00DA0337 /* ShowExpenseViewModel.swift in Sources */ = {isa = PBXBuildFile; fileRef = 296835A62695A95D00DA0337 /* ShowExpenseViewModel.swift */; };
		296835AB2695B64F00DA0337 /* ExpenseCategory.swift in Sources */ = {isa = PBXBuildFile; fileRef = 296835AA2695B64F00DA0337 /* ExpenseCategory.swift */; };
		296835AE2695B72100DA0337 /* CategoriesView.swift in Sources */ = {isa = PBXBuildFile; fileRef = 296835AD2695B72100DA0337 /* CategoriesView.swift */; };
		29ADDEAD2694D3D200F509FD /* AppDelegate.swift in Sources */ = {isa = PBXBuildFile; fileRef = 29ADDEAC2694D3D200F509FD /* AppDelegate.swift */; };
		29ADDEAF2694D3D200F509FD /* SceneDelegate.swift in Sources */ = {isa = PBXBuildFile; fileRef = 29ADDEAE2694D3D200F509FD /* SceneDelegate.swift */; };
		29ADDEB32694D3D200F509FD /* MainView.swift in Sources */ = {isa = PBXBuildFile; fileRef = 29ADDEB22694D3D200F509FD /* MainView.swift */; };
		29ADDEB52694D3D300F509FD /* Assets.xcassets in Resources */ = {isa = PBXBuildFile; fileRef = 29ADDEB42694D3D300F509FD /* Assets.xcassets */; };
		29ADDEB82694D3D300F509FD /* Preview Assets.xcassets in Resources */ = {isa = PBXBuildFile; fileRef = 29ADDEB72694D3D300F509FD /* Preview Assets.xcassets */; };
		29ADDEC62694D47900F509FD /* DataStore.swift in Sources */ = {isa = PBXBuildFile; fileRef = 29ADDEC52694D47900F509FD /* DataStore.swift */; };
		29ADDECA2694D49400F509FD /* DataModel.swift in Sources */ = {isa = PBXBuildFile; fileRef = 29ADDEC92694D49400F509FD /* DataModel.swift */; };
/* End PBXBuildFile section */

/* Begin PBXFileReference section */
		293062A52694D64E0086C5F7 /* ExpensesView.swift */ = {isa = PBXFileReference; lastKnownFileType = sourcecode.swift; path = ExpensesView.swift; sourceTree = "<group>"; };
		293062A82694D7230086C5F7 /* MemoryDataStore.swift */ = {isa = PBXFileReference; lastKnownFileType = sourcecode.swift; path = MemoryDataStore.swift; sourceTree = "<group>"; };
		293062B02694DCBF0086C5F7 /* data.swift */ = {isa = PBXFileReference; lastKnownFileType = sourcecode.swift; path = data.swift; sourceTree = "<group>"; };
		293062B32694DCFA0086C5F7 /* preview_data.swift */ = {isa = PBXFileReference; lastKnownFileType = sourcecode.swift; path = preview_data.swift; sourceTree = "<group>"; };
		29474E422694FFA000AE0A5A /* EditExpenseView.swift */ = {isa = PBXFileReference; lastKnownFileType = sourcecode.swift; path = EditExpenseView.swift; sourceTree = "<group>"; };
		2968359C2695A74100DA0337 /* EditExpenseViewModel.swift */ = {isa = PBXFileReference; lastKnownFileType = sourcecode.swift; path = EditExpenseViewModel.swift; sourceTree = "<group>"; };
		296835A12695A7E100DA0337 /* Expense.swift */ = {isa = PBXFileReference; lastKnownFileType = sourcecode.swift; path = Expense.swift; sourceTree = "<group>"; };
		296835A62695A95D00DA0337 /* ShowExpenseViewModel.swift */ = {isa = PBXFileReference; fileEncoding = 4; lastKnownFileType = sourcecode.swift; path = ShowExpenseViewModel.swift; sourceTree = "<group>"; };
		296835AA2695B64F00DA0337 /* ExpenseCategory.swift */ = {isa = PBXFileReference; lastKnownFileType = sourcecode.swift; path = ExpenseCategory.swift; sourceTree = "<group>"; };
		296835AD2695B72100DA0337 /* CategoriesView.swift */ = {isa = PBXFileReference; lastKnownFileType = sourcecode.swift; path = CategoriesView.swift; sourceTree = "<group>"; };
		29ADDEA92694D3D200F509FD /* Budget.app */ = {isa = PBXFileReference; explicitFileType = wrapper.application; includeInIndex = 0; path = Budget.app; sourceTree = BUILT_PRODUCTS_DIR; };
		29ADDEAC2694D3D200F509FD /* AppDelegate.swift */ = {isa = PBXFileReference; lastKnownFileType = sourcecode.swift; path = AppDelegate.swift; sourceTree = "<group>"; };
		29ADDEAE2694D3D200F509FD /* SceneDelegate.swift */ = {isa = PBXFileReference; lastKnownFileType = sourcecode.swift; path = SceneDelegate.swift; sourceTree = "<group>"; };
		29ADDEB22694D3D200F509FD /* MainView.swift */ = {isa = PBXFileReference; lastKnownFileType = sourcecode.swift; path = MainView.swift; sourceTree = "<group>"; };
		29ADDEB42694D3D300F509FD /* Assets.xcassets */ = {isa = PBXFileReference; lastKnownFileType = folder.assetcatalog; path = Assets.xcassets; sourceTree = "<group>"; };
		29ADDEB72694D3D300F509FD /* Preview Assets.xcassets */ = {isa = PBXFileReference; lastKnownFileType = folder.assetcatalog; path = "Preview Assets.xcassets"; sourceTree = "<group>"; };
		29ADDEB92694D3D300F509FD /* Info.plist */ = {isa = PBXFileReference; lastKnownFileType = text.plist.xml; path = Info.plist; sourceTree = "<group>"; };
		29ADDEC52694D47900F509FD /* DataStore.swift */ = {isa = PBXFileReference; lastKnownFileType = sourcecode.swift; path = DataStore.swift; sourceTree = "<group>"; };
		29ADDEC92694D49400F509FD /* DataModel.swift */ = {isa = PBXFileReference; lastKnownFileType = sourcecode.swift; path = DataModel.swift; sourceTree = "<group>"; };
/* End PBXFileReference section */

/* Begin PBXFrameworksBuildPhase section */
		29ADDEA62694D3D200F509FD /* Frameworks */ = {
			isa = PBXFrameworksBuildPhase;
			buildActionMask = 2147483647;
			files = (
			);
			runOnlyForDeploymentPostprocessing = 0;
		};
/* End PBXFrameworksBuildPhase section */

/* Begin PBXGroup section */
		2968359B2695A72A00DA0337 /* Models */ = {
			isa = PBXGroup;
			children = (
				296835A62695A95D00DA0337 /* ShowExpenseViewModel.swift */,
				2968359C2695A74100DA0337 /* EditExpenseViewModel.swift */,
			);
			path = Models;
			sourceTree = "<group>";
		};
		296835A02695A7C600DA0337 /* Models */ = {
			isa = PBXGroup;
			children = (
				29ADDEC92694D49400F509FD /* DataModel.swift */,
				296835A12695A7E100DA0337 /* Expense.swift */,
				296835AA2695B64F00DA0337 /* ExpenseCategory.swift */,
			);
			path = Models;
			sourceTree = "<group>";
		};
		29ADDEA02694D3D200F509FD = {
			isa = PBXGroup;
			children = (
				29ADDEAB2694D3D200F509FD /* Budget */,
				29ADDEAA2694D3D200F509FD /* Products */,
			);
			sourceTree = "<group>";
		};
		29ADDEAA2694D3D200F509FD /* Products */ = {
			isa = PBXGroup;
			children = (
				29ADDEA92694D3D200F509FD /* Budget.app */,
			);
			name = Products;
			sourceTree = "<group>";
		};
		29ADDEAB2694D3D200F509FD /* Budget */ = {
			isa = PBXGroup;
			children = (
				29ADDEB92694D3D300F509FD /* Info.plist */,
				29ADDEB42694D3D300F509FD /* Assets.xcassets */,
				29ADDEC12694D41000F509FD /* Src */,
				29ADDEB62694D3D300F509FD /* Preview Content */,
			);
			path = Budget;
			sourceTree = "<group>";
		};
		29ADDEB62694D3D300F509FD /* Preview Content */ = {
			isa = PBXGroup;
			children = (
				29ADDEB72694D3D300F509FD /* Preview Assets.xcassets */,
				293062A82694D7230086C5F7 /* MemoryDataStore.swift */,
				293062B32694DCFA0086C5F7 /* preview_data.swift */,
			);
			path = "Preview Content";
			sourceTree = "<group>";
		};
		29ADDEC12694D41000F509FD /* Src */ = {
			isa = PBXGroup;
			children = (
				29ADDEAC2694D3D200F509FD /* AppDelegate.swift */,
				29ADDEAE2694D3D200F509FD /* SceneDelegate.swift */,
				29ADDEC82694D48200F509FD /* Data */,
				296835A02695A7C600DA0337 /* Models */,
				29ADDECF2694D4B600F509FD /* Views */,
			);
			path = Src;
			sourceTree = "<group>";
		};
		29ADDEC82694D48200F509FD /* Data */ = {
			isa = PBXGroup;
			children = (
				29ADDEC52694D47900F509FD /* DataStore.swift */,
				293062B02694DCBF0086C5F7 /* data.swift */,
			);
			path = Data;
			sourceTree = "<group>";
		};
		29ADDECF2694D4B600F509FD /* Views */ = {
			isa = PBXGroup;
			children = (
				2968359B2695A72A00DA0337 /* Models */,
				29ADDEB22694D3D200F509FD /* MainView.swift */,
				293062A52694D64E0086C5F7 /* ExpensesView.swift */,
				29474E422694FFA000AE0A5A /* EditExpenseView.swift */,
				296835AD2695B72100DA0337 /* CategoriesView.swift */,
			);
			path = Views;
			sourceTree = "<group>";
		};
/* End PBXGroup section */

/* Begin PBXNativeTarget section */
		29ADDEA82694D3D200F509FD /* Budget */ = {
			isa = PBXNativeTarget;
			buildConfigurationList = 29ADDEBC2694D3D300F509FD /* Build configuration list for PBXNativeTarget "Budget" */;
			buildPhases = (
				29ADDEA52694D3D200F509FD /* Sources */,
				29ADDEA62694D3D200F509FD /* Frameworks */,
				29ADDEA72694D3D200F509FD /* Resources */,
			);
			buildRules = (
			);
			dependencies = (
			);
			name = Budget;
			productName = Budget;
			productReference = 29ADDEA92694D3D200F509FD /* Budget.app */;
			productType = "com.apple.product-type.application";
		};
/* End PBXNativeTarget section */

/* Begin PBXProject section */
		29ADDEA12694D3D200F509FD /* Project object */ = {
			isa = PBXProject;
			attributes = {
				LastSwiftUpdateCheck = 1240;
				LastUpgradeCheck = 1240;
				TargetAttributes = {
					29ADDEA82694D3D200F509FD = {
						CreatedOnToolsVersion = 12.4;
					};
				};
			};
			buildConfigurationList = 29ADDEA42694D3D200F509FD /* Build configuration list for PBXProject "Budget" */;
			compatibilityVersion = "Xcode 9.3";
			developmentRegion = en;
			hasScannedForEncodings = 0;
			knownRegions = (
				en,
				Base,
			);
			mainGroup = 29ADDEA02694D3D200F509FD;
			productRefGroup = 29ADDEAA2694D3D200F509FD /* Products */;
			projectDirPath = "";
			projectRoot = "";
			targets = (
				29ADDEA82694D3D200F509FD /* Budget */,
			);
		};
/* End PBXProject section */

/* Begin PBXResourcesBuildPhase section */
		29ADDEA72694D3D200F509FD /* Resources */ = {
			isa = PBXResourcesBuildPhase;
			buildActionMask = 2147483647;
			files = (
				29ADDEB82694D3D300F509FD /* Preview Assets.xcassets in Resources */,
				29ADDEB52694D3D300F509FD /* Assets.xcassets in Resources */,
			);
			runOnlyForDeploymentPostprocessing = 0;
		};
/* End PBXResourcesBuildPhase section */

/* Begin PBXSourcesBuildPhase section */
		29ADDEA52694D3D200F509FD /* Sources */ = {
			isa = PBXSourcesBuildPhase;
			buildActionMask = 2147483647;
			files = (
				296835A22695A7E100DA0337 /* Expense.swift in Sources */,
				293062A92694D7230086C5F7 /* MemoryDataStore.swift in Sources */,
				29ADDECA2694D49400F509FD /* DataModel.swift in Sources */,
				293062A62694D64E0086C5F7 /* ExpensesView.swift in Sources */,
				29ADDEAD2694D3D200F509FD /* AppDelegate.swift in Sources */,
				293062B42694DCFA0086C5F7 /* preview_data.swift in Sources */,
				296835AB2695B64F00DA0337 /* ExpenseCategory.swift in Sources */,
				29ADDEC62694D47900F509FD /* DataStore.swift in Sources */,
				296835AE2695B72100DA0337 /* CategoriesView.swift in Sources */,
				2968359D2695A74100DA0337 /* EditExpenseViewModel.swift in Sources */,
				296835A72695A95D00DA0337 /* ShowExpenseViewModel.swift in Sources */,
				29ADDEB32694D3D200F509FD /* MainView.swift in Sources */,
				293062B12694DCBF0086C5F7 /* data.swift in Sources */,
				29474E432694FFA000AE0A5A /* EditExpenseView.swift in Sources */,
				29ADDEAF2694D3D200F509FD /* SceneDelegate.swift in Sources */,
			);
			runOnlyForDeploymentPostprocessing = 0;
		};
/* End PBXSourcesBuildPhase section */

/* Begin XCBuildConfiguration section */
		29ADDEBA2694D3D300F509FD /* Debug */ = {
			isa = XCBuildConfiguration;
			buildSettings = {
				ALWAYS_SEARCH_USER_PATHS = NO;
				CLANG_ANALYZER_NONNULL = YES;
				CLANG_ANALYZER_NUMBER_OBJECT_CONVERSION = YES_AGGRESSIVE;
				CLANG_CXX_LANGUAGE_STANDARD = "gnu++14";
				CLANG_CXX_LIBRARY = "libc++";
				CLANG_ENABLE_MODULES = YES;
				CLANG_ENABLE_OBJC_ARC = YES;
				CLANG_ENABLE_OBJC_WEAK = YES;
				CLANG_WARN_BLOCK_CAPTURE_AUTORELEASING = YES;
				CLANG_WARN_BOOL_CONVERSION = YES;
				CLANG_WARN_COMMA = YES;
				CLANG_WARN_CONSTANT_CONVERSION = YES;
				CLANG_WARN_DEPRECATED_OBJC_IMPLEMENTATIONS = YES;
				CLANG_WARN_DIRECT_OBJC_ISA_USAGE = YES_ERROR;
				CLANG_WARN_DOCUMENTATION_COMMENTS = YES;
				CLANG_WARN_EMPTY_BODY = YES;
				CLANG_WARN_ENUM_CONVERSION = YES;
				CLANG_WARN_INFINITE_RECURSION = YES;
				CLANG_WARN_INT_CONVERSION = YES;
				CLANG_WARN_NON_LITERAL_NULL_CONVERSION = YES;
				CLANG_WARN_OBJC_IMPLICIT_RETAIN_SELF = YES;
				CLANG_WARN_OBJC_LITERAL_CONVERSION = YES;
				CLANG_WARN_OBJC_ROOT_CLASS = YES_ERROR;
				CLANG_WARN_QUOTED_INCLUDE_IN_FRAMEWORK_HEADER = YES;
				CLANG_WARN_RANGE_LOOP_ANALYSIS = YES;
				CLANG_WARN_STRICT_PROTOTYPES = YES;
				CLANG_WARN_SUSPICIOUS_MOVE = YES;
				CLANG_WARN_UNGUARDED_AVAILABILITY = YES_AGGRESSIVE;
				CLANG_WARN_UNREACHABLE_CODE = YES;
				CLANG_WARN__DUPLICATE_METHOD_MATCH = YES;
				COPY_PHASE_STRIP = NO;
				DEBUG_INFORMATION_FORMAT = dwarf;
				ENABLE_STRICT_OBJC_MSGSEND = YES;
				ENABLE_TESTABILITY = YES;
				GCC_C_LANGUAGE_STANDARD = gnu11;
				GCC_DYNAMIC_NO_PIC = NO;
				GCC_NO_COMMON_BLOCKS = YES;
				GCC_OPTIMIZATION_LEVEL = 0;
				GCC_PREPROCESSOR_DEFINITIONS = (
					"DEBUG=1",
					"$(inherited)",
				);
				GCC_WARN_64_TO_32_BIT_CONVERSION = YES;
				GCC_WARN_ABOUT_RETURN_TYPE = YES_ERROR;
				GCC_WARN_UNDECLARED_SELECTOR = YES;
				GCC_WARN_UNINITIALIZED_AUTOS = YES_AGGRESSIVE;
				GCC_WARN_UNUSED_FUNCTION = YES;
				GCC_WARN_UNUSED_VARIABLE = YES;
				IPHONEOS_DEPLOYMENT_TARGET = 14.4;
				MTL_ENABLE_DEBUG_INFO = INCLUDE_SOURCE;
				MTL_FAST_MATH = YES;
				ONLY_ACTIVE_ARCH = YES;
				SDKROOT = iphoneos;
				SWIFT_ACTIVE_COMPILATION_CONDITIONS = DEBUG;
				SWIFT_OPTIMIZATION_LEVEL = "-Onone";
			};
			name = Debug;
		};
		29ADDEBB2694D3D300F509FD /* Release */ = {
			isa = XCBuildConfiguration;
			buildSettings = {
				ALWAYS_SEARCH_USER_PATHS = NO;
				CLANG_ANALYZER_NONNULL = YES;
				CLANG_ANALYZER_NUMBER_OBJECT_CONVERSION = YES_AGGRESSIVE;
				CLANG_CXX_LANGUAGE_STANDARD = "gnu++14";
				CLANG_CXX_LIBRARY = "libc++";
				CLANG_ENABLE_MODULES = YES;
				CLANG_ENABLE_OBJC_ARC = YES;
				CLANG_ENABLE_OBJC_WEAK = YES;
				CLANG_WARN_BLOCK_CAPTURE_AUTORELEASING = YES;
				CLANG_WARN_BOOL_CONVERSION = YES;
				CLANG_WARN_COMMA = YES;
				CLANG_WARN_CONSTANT_CONVERSION = YES;
				CLANG_WARN_DEPRECATED_OBJC_IMPLEMENTATIONS = YES;
				CLANG_WARN_DIRECT_OBJC_ISA_USAGE = YES_ERROR;
				CLANG_WARN_DOCUMENTATION_COMMENTS = YES;
				CLANG_WARN_EMPTY_BODY = YES;
				CLANG_WARN_ENUM_CONVERSION = YES;
				CLANG_WARN_INFINITE_RECURSION = YES;
				CLANG_WARN_INT_CONVERSION = YES;
				CLANG_WARN_NON_LITERAL_NULL_CONVERSION = YES;
				CLANG_WARN_OBJC_IMPLICIT_RETAIN_SELF = YES;
				CLANG_WARN_OBJC_LITERAL_CONVERSION = YES;
				CLANG_WARN_OBJC_ROOT_CLASS = YES_ERROR;
				CLANG_WARN_QUOTED_INCLUDE_IN_FRAMEWORK_HEADER = YES;
				CLANG_WARN_RANGE_LOOP_ANALYSIS = YES;
				CLANG_WARN_STRICT_PROTOTYPES = YES;
				CLANG_WARN_SUSPICIOUS_MOVE = YES;
				CLANG_WARN_UNGUARDED_AVAILABILITY = YES_AGGRESSIVE;
				CLANG_WARN_UNREACHABLE_CODE = YES;
				CLANG_WARN__DUPLICATE_METHOD_MATCH = YES;
				COPY_PHASE_STRIP = NO;
				DEBUG_INFORMATION_FORMAT = "dwarf-with-dsym";
				ENABLE_NS_ASSERTIONS = NO;
				ENABLE_STRICT_OBJC_MSGSEND = YES;
				GCC_C_LANGUAGE_STANDARD = gnu11;
				GCC_NO_COMMON_BLOCKS = YES;
				GCC_WARN_64_TO_32_BIT_CONVERSION = YES;
				GCC_WARN_ABOUT_RETURN_TYPE = YES_ERROR;
				GCC_WARN_UNDECLARED_SELECTOR = YES;
				GCC_WARN_UNINITIALIZED_AUTOS = YES_AGGRESSIVE;
				GCC_WARN_UNUSED_FUNCTION = YES;
				GCC_WARN_UNUSED_VARIABLE = YES;
				IPHONEOS_DEPLOYMENT_TARGET = 14.4;
				MTL_ENABLE_DEBUG_INFO = NO;
				MTL_FAST_MATH = YES;
				SDKROOT = iphoneos;
				SWIFT_COMPILATION_MODE = wholemodule;
				SWIFT_OPTIMIZATION_LEVEL = "-O";
				VALIDATE_PRODUCT = YES;
			};
			name = Release;
		};
		29ADDEBD2694D3D300F509FD /* Debug */ = {
			isa = XCBuildConfiguration;
			buildSettings = {
				ASSETCATALOG_COMPILER_APPICON_NAME = AppIcon;
				ASSETCATALOG_COMPILER_GLOBAL_ACCENT_COLOR_NAME = AccentColor;
				CODE_SIGN_STYLE = Automatic;
				DEVELOPMENT_ASSET_PATHS = "\"Budget/Preview Content\"";
				DEVELOPMENT_TEAM = 2N6DR3R99K;
				ENABLE_PREVIEWS = YES;
				INFOPLIST_FILE = Budget/Info.plist;
				IPHONEOS_DEPLOYMENT_TARGET = 14.0;
				LD_RUNPATH_SEARCH_PATHS = (
					"$(inherited)",
					"@executable_path/Frameworks",
				);
				PRODUCT_BUNDLE_IDENTIFIER = io.bintz.Budget;
				PRODUCT_NAME = "$(TARGET_NAME)";
				SWIFT_VERSION = 5.0;
				TARGETED_DEVICE_FAMILY = "1,2";
			};
			name = Debug;
		};
		29ADDEBE2694D3D300F509FD /* Release */ = {
			isa = XCBuildConfiguration;
			buildSettings = {
				ASSETCATALOG_COMPILER_APPICON_NAME = AppIcon;
				ASSETCATALOG_COMPILER_GLOBAL_ACCENT_COLOR_NAME = AccentColor;
				CODE_SIGN_STYLE = Automatic;
				DEVELOPMENT_ASSET_PATHS = "\"Budget/Preview Content\"";
				DEVELOPMENT_TEAM = 2N6DR3R99K;
				ENABLE_PREVIEWS = YES;
				INFOPLIST_FILE = Budget/Info.plist;
				IPHONEOS_DEPLOYMENT_TARGET = 14.0;
				LD_RUNPATH_SEARCH_PATHS = (
					"$(inherited)",
					"@executable_path/Frameworks",
				);
				PRODUCT_BUNDLE_IDENTIFIER = io.bintz.Budget;
				PRODUCT_NAME = "$(TARGET_NAME)";
				SWIFT_VERSION = 5.0;
				TARGETED_DEVICE_FAMILY = "1,2";
			};
			name = Release;
		};
/* End XCBuildConfiguration section */

/* Begin XCConfigurationList section */
		29ADDEA42694D3D200F509FD /* Build configuration list for PBXProject "Budget" */ = {
			isa = XCConfigurationList;
			buildConfigurations = (
				29ADDEBA2694D3D300F509FD /* Debug */,
				29ADDEBB2694D3D300F509FD /* Release */,
			);
			defaultConfigurationIsVisible = 0;
			defaultConfigurationName = Release;
		};
		29ADDEBC2694D3D300F509FD /* Build configuration list for PBXNativeTarget "Budget" */ = {
			isa = XCConfigurationList;
			buildConfigurations = (
				29ADDEBD2694D3D300F509FD /* Debug */,
				29ADDEBE2694D3D300F509FD /* Release */,
			);
			defaultConfigurationIsVisible = 0;
			defaultConfigurationName = Release;
		};
/* End XCConfigurationList section */
	};
	rootObject = 29ADDEA12694D3D200F509FD /* Project object */;
}
